<?xml version="1.0" encoding="UTF-8"?>
<CodeBlocks_project_file>
	<FileVersion major="1" minor="6"/>
	<Project>
		<Option title="SecureCoding"/>
		<Option makefile_is_custom="1"/>
		<Option compiler="gcc"/>
		<Option virtualFolders="CMake Files\;"/>
		<Build>
			<Target title="all">
				<Option working_dir="/Users/chin39/Dropbox/RPI/Intro to Info Sec/SecureCoding"/>
				<Option type="4"/>
				<MakeCommands>
					<Build command="/usr/local/bin/gmake -f &quot;/Users/chin39/Dropbox/RPI/Intro\ to\ Info\ Sec/SecureCoding/Makefile&quot;  VERBOSE=1 all"/>
					<CompileFile command="/usr/local/bin/gmake -f &quot;/Users/chin39/Dropbox/RPI/Intro\ to\ Info\ Sec/SecureCoding/Makefile&quot;  VERBOSE=1 &quot;$file&quot;"/>
					<Clean command="/usr/local/bin/gmake -f &quot;/Users/chin39/Dropbox/RPI/Intro\ to\ Info\ Sec/SecureCoding/Makefile&quot;  VERBOSE=1 clean"/>
					<DistClean command="/usr/local/bin/gmake -f &quot;/Users/chin39/Dropbox/RPI/Intro\ to\ Info\ Sec/SecureCoding/Makefile&quot;  VERBOSE=1 clean"/>
				</MakeCommands>
			</Target>
			<Target title="rebuild_cache">
				<Option working_dir="/Users/chin39/Dropbox/RPI/Intro to Info Sec/SecureCoding"/>
				<Option type="4"/>
				<MakeCommands>
					<Build command="/usr/local/bin/gmake -f &quot;/Users/chin39/Dropbox/RPI/Intro\ to\ Info\ Sec/SecureCoding/Makefile&quot;  VERBOSE=1 rebuild_cache"/>
					<CompileFile command="/usr/local/bin/gmake -f &quot;/Users/chin39/Dropbox/RPI/Intro\ to\ Info\ Sec/SecureCoding/Makefile&quot;  VERBOSE=1 &quot;$file&quot;"/>
					<Clean command="/usr/local/bin/gmake -f &quot;/Users/chin39/Dropbox/RPI/Intro\ to\ Info\ Sec/SecureCoding/Makefile&quot;  VERBOSE=1 clean"/>
					<DistClean command="/usr/local/bin/gmake -f &quot;/Users/chin39/Dropbox/RPI/Intro\ to\ Info\ Sec/SecureCoding/Makefile&quot;  VERBOSE=1 clean"/>
				</MakeCommands>
			</Target>
			<Target title="daytimed">
				<Option output="/Users/chin39/Dropbox/RPI/Intro to Info Sec/SecureCoding/daytimed" prefix_auto="0" extension_auto="0"/>
				<Option working_dir="/Users/chin39/Dropbox/RPI/Intro to Info Sec/SecureCoding"/>
				<Option object_output="./"/>
				<Option type="1"/>
				<Option compiler="gcc"/>
				<Compiler/>
				<MakeCommands>
					<Build command="/usr/local/bin/gmake -f &quot;/Users/chin39/Dropbox/RPI/Intro\ to\ Info\ Sec/SecureCoding/Makefile&quot;  VERBOSE=1 daytimed"/>
					<CompileFile command="/usr/local/bin/gmake -f &quot;/Users/chin39/Dropbox/RPI/Intro\ to\ Info\ Sec/SecureCoding/Makefile&quot;  VERBOSE=1 &quot;$file&quot;"/>
					<Clean command="/usr/local/bin/gmake -f &quot;/Users/chin39/Dropbox/RPI/Intro\ to\ Info\ Sec/SecureCoding/Makefile&quot;  VERBOSE=1 clean"/>
					<DistClean command="/usr/local/bin/gmake -f &quot;/Users/chin39/Dropbox/RPI/Intro\ to\ Info\ Sec/SecureCoding/Makefile&quot;  VERBOSE=1 clean"/>
				</MakeCommands>
			</Target>
			<Target title="daytimed/fast">
				<Option output="/Users/chin39/Dropbox/RPI/Intro to Info Sec/SecureCoding/daytimed" prefix_auto="0" extension_auto="0"/>
				<Option working_dir="/Users/chin39/Dropbox/RPI/Intro to Info Sec/SecureCoding"/>
				<Option object_output="./"/>
				<Option type="1"/>
				<Option compiler="gcc"/>
				<Compiler/>
				<MakeCommands>
					<Build command="/usr/local/bin/gmake -f &quot;/Users/chin39/Dropbox/RPI/Intro\ to\ Info\ Sec/SecureCoding/Makefile&quot;  VERBOSE=1 daytimed/fast"/>
					<CompileFile command="/usr/local/bin/gmake -f &quot;/Users/chin39/Dropbox/RPI/Intro\ to\ Info\ Sec/SecureCoding/Makefile&quot;  VERBOSE=1 &quot;$file&quot;"/>
					<Clean command="/usr/local/bin/gmake -f &quot;/Users/chin39/Dropbox/RPI/Intro\ to\ Info\ Sec/SecureCoding/Makefile&quot;  VERBOSE=1 clean"/>
					<DistClean command="/usr/local/bin/gmake -f &quot;/Users/chin39/Dropbox/RPI/Intro\ to\ Info\ Sec/SecureCoding/Makefile&quot;  VERBOSE=1 clean"/>
				</MakeCommands>
			</Target>
			<Target title="daytime">
				<Option output="/Users/chin39/Dropbox/RPI/Intro to Info Sec/SecureCoding/daytime" prefix_auto="0" extension_auto="0"/>
				<Option working_dir="/Users/chin39/Dropbox/RPI/Intro to Info Sec/SecureCoding"/>
				<Option object_output="./"/>
				<Option type="1"/>
				<Option compiler="gcc"/>
				<Compiler/>
				<MakeCommands>
					<Build command="/usr/local/bin/gmake -f &quot;/Users/chin39/Dropbox/RPI/Intro\ to\ Info\ Sec/SecureCoding/Makefile&quot;  VERBOSE=1 daytime"/>
					<CompileFile command="/usr/local/bin/gmake -f &quot;/Users/chin39/Dropbox/RPI/Intro\ to\ Info\ Sec/SecureCoding/Makefile&quot;  VERBOSE=1 &quot;$file&quot;"/>
					<Clean command="/usr/local/bin/gmake -f &quot;/Users/chin39/Dropbox/RPI/Intro\ to\ Info\ Sec/SecureCoding/Makefile&quot;  VERBOSE=1 clean"/>
					<DistClean command="/usr/local/bin/gmake -f &quot;/Users/chin39/Dropbox/RPI/Intro\ to\ Info\ Sec/SecureCoding/Makefile&quot;  VERBOSE=1 clean"/>
				</MakeCommands>
			</Target>
			<Target title="daytime/fast">
				<Option output="/Users/chin39/Dropbox/RPI/Intro to Info Sec/SecureCoding/daytime" prefix_auto="0" extension_auto="0"/>
				<Option working_dir="/Users/chin39/Dropbox/RPI/Intro to Info Sec/SecureCoding"/>
				<Option object_output="./"/>
				<Option type="1"/>
				<Option compiler="gcc"/>
				<Compiler/>
				<MakeCommands>
					<Build command="/usr/local/bin/gmake -f &quot;/Users/chin39/Dropbox/RPI/Intro\ to\ Info\ Sec/SecureCoding/Makefile&quot;  VERBOSE=1 daytime/fast"/>
					<CompileFile command="/usr/local/bin/gmake -f &quot;/Users/chin39/Dropbox/RPI/Intro\ to\ Info\ Sec/SecureCoding/Makefile&quot;  VERBOSE=1 &quot;$file&quot;"/>
					<Clean command="/usr/local/bin/gmake -f &quot;/Users/chin39/Dropbox/RPI/Intro\ to\ Info\ Sec/SecureCoding/Makefile&quot;  VERBOSE=1 clean"/>
					<DistClean command="/usr/local/bin/gmake -f &quot;/Users/chin39/Dropbox/RPI/Intro\ to\ Info\ Sec/SecureCoding/Makefile&quot;  VERBOSE=1 clean"/>
				</MakeCommands>
			</Target>
			<Target title="echo">
				<Option output="/Users/chin39/Dropbox/RPI/Intro to Info Sec/SecureCoding/echo" prefix_auto="0" extension_auto="0"/>
				<Option working_dir="/Users/chin39/Dropbox/RPI/Intro to Info Sec/SecureCoding"/>
				<Option object_output="./"/>
				<Option type="1"/>
				<Option compiler="gcc"/>
				<Compiler/>
				<MakeCommands>
					<Build command="/usr/local/bin/gmake -f &quot;/Users/chin39/Dropbox/RPI/Intro\ to\ Info\ Sec/SecureCoding/Makefile&quot;  VERBOSE=1 echo"/>
					<CompileFile command="/usr/local/bin/gmake -f &quot;/Users/chin39/Dropbox/RPI/Intro\ to\ Info\ Sec/SecureCoding/Makefile&quot;  VERBOSE=1 &quot;$file&quot;"/>
					<Clean command="/usr/local/bin/gmake -f &quot;/Users/chin39/Dropbox/RPI/Intro\ to\ Info\ Sec/SecureCoding/Makefile&quot;  VERBOSE=1 clean"/>
					<DistClean command="/usr/local/bin/gmake -f &quot;/Users/chin39/Dropbox/RPI/Intro\ to\ Info\ Sec/SecureCoding/Makefile&quot;  VERBOSE=1 clean"/>
				</MakeCommands>
			</Target>
			<Target title="echo/fast">
				<Option output="/Users/chin39/Dropbox/RPI/Intro to Info Sec/SecureCoding/echo" prefix_auto="0" extension_auto="0"/>
				<Option working_dir="/Users/chin39/Dropbox/RPI/Intro to Info Sec/SecureCoding"/>
				<Option object_output="./"/>
				<Option type="1"/>
				<Option compiler="gcc"/>
				<Compiler/>
				<MakeCommands>
					<Build command="/usr/local/bin/gmake -f &quot;/Users/chin39/Dropbox/RPI/Intro\ to\ Info\ Sec/SecureCoding/Makefile&quot;  VERBOSE=1 echo/fast"/>
					<CompileFile command="/usr/local/bin/gmake -f &quot;/Users/chin39/Dropbox/RPI/Intro\ to\ Info\ Sec/SecureCoding/Makefile&quot;  VERBOSE=1 &quot;$file&quot;"/>
					<Clean command="/usr/local/bin/gmake -f &quot;/Users/chin39/Dropbox/RPI/Intro\ to\ Info\ Sec/SecureCoding/Makefile&quot;  VERBOSE=1 clean"/>
					<DistClean command="/usr/local/bin/gmake -f &quot;/Users/chin39/Dropbox/RPI/Intro\ to\ Info\ Sec/SecureCoding/Makefile&quot;  VERBOSE=1 clean"/>
				</MakeCommands>
			</Target>
			<Target title="edit_cache">
				<Option working_dir="/Users/chin39/Dropbox/RPI/Intro to Info Sec/SecureCoding"/>
				<Option type="4"/>
				<MakeCommands>
					<Build command="/usr/local/bin/gmake -f &quot;/Users/chin39/Dropbox/RPI/Intro\ to\ Info\ Sec/SecureCoding/Makefile&quot;  VERBOSE=1 edit_cache"/>
					<CompileFile command="/usr/local/bin/gmake -f &quot;/Users/chin39/Dropbox/RPI/Intro\ to\ Info\ Sec/SecureCoding/Makefile&quot;  VERBOSE=1 &quot;$file&quot;"/>
					<Clean command="/usr/local/bin/gmake -f &quot;/Users/chin39/Dropbox/RPI/Intro\ to\ Info\ Sec/SecureCoding/Makefile&quot;  VERBOSE=1 clean"/>
					<DistClean command="/usr/local/bin/gmake -f &quot;/Users/chin39/Dropbox/RPI/Intro\ to\ Info\ Sec/SecureCoding/Makefile&quot;  VERBOSE=1 clean"/>
				</MakeCommands>
			</Target>
			<Target title="echod">
				<Option output="/Users/chin39/Dropbox/RPI/Intro to Info Sec/SecureCoding/echod" prefix_auto="0" extension_auto="0"/>
				<Option working_dir="/Users/chin39/Dropbox/RPI/Intro to Info Sec/SecureCoding"/>
				<Option object_output="./"/>
				<Option type="1"/>
				<Option compiler="gcc"/>
				<Compiler/>
				<MakeCommands>
					<Build command="/usr/local/bin/gmake -f &quot;/Users/chin39/Dropbox/RPI/Intro\ to\ Info\ Sec/SecureCoding/Makefile&quot;  VERBOSE=1 echod"/>
					<CompileFile command="/usr/local/bin/gmake -f &quot;/Users/chin39/Dropbox/RPI/Intro\ to\ Info\ Sec/SecureCoding/Makefile&quot;  VERBOSE=1 &quot;$file&quot;"/>
					<Clean command="/usr/local/bin/gmake -f &quot;/Users/chin39/Dropbox/RPI/Intro\ to\ Info\ Sec/SecureCoding/Makefile&quot;  VERBOSE=1 clean"/>
					<DistClean command="/usr/local/bin/gmake -f &quot;/Users/chin39/Dropbox/RPI/Intro\ to\ Info\ Sec/SecureCoding/Makefile&quot;  VERBOSE=1 clean"/>
				</MakeCommands>
			</Target>
			<Target title="echod/fast">
				<Option output="/Users/chin39/Dropbox/RPI/Intro to Info Sec/SecureCoding/echod" prefix_auto="0" extension_auto="0"/>
				<Option working_dir="/Users/chin39/Dropbox/RPI/Intro to Info Sec/SecureCoding"/>
				<Option object_output="./"/>
				<Option type="1"/>
				<Option compiler="gcc"/>
				<Compiler/>
				<MakeCommands>
					<Build command="/usr/local/bin/gmake -f &quot;/Users/chin39/Dropbox/RPI/Intro\ to\ Info\ Sec/SecureCoding/Makefile&quot;  VERBOSE=1 echod/fast"/>
					<CompileFile command="/usr/local/bin/gmake -f &quot;/Users/chin39/Dropbox/RPI/Intro\ to\ Info\ Sec/SecureCoding/Makefile&quot;  VERBOSE=1 &quot;$file&quot;"/>
					<Clean command="/usr/local/bin/gmake -f &quot;/Users/chin39/Dropbox/RPI/Intro\ to\ Info\ Sec/SecureCoding/Makefile&quot;  VERBOSE=1 clean"/>
					<DistClean command="/usr/local/bin/gmake -f &quot;/Users/chin39/Dropbox/RPI/Intro\ to\ Info\ Sec/SecureCoding/Makefile&quot;  VERBOSE=1 clean"/>
				</MakeCommands>
			</Target>
		</Build>
		<Unit filename="/Users/chin39/Dropbox/RPI/Intro to Info Sec/SecureCoding/daytime.c">
			<Option target="daytime"/>
		</Unit>
		<Unit filename="/Users/chin39/Dropbox/RPI/Intro to Info Sec/SecureCoding/daytimed.c">
			<Option target="daytimed"/>
		</Unit>
		<Unit filename="/Users/chin39/Dropbox/RPI/Intro to Info Sec/SecureCoding/echo.c">
			<Option target="echo"/>
		</Unit>
		<Unit filename="/Users/chin39/Dropbox/RPI/Intro to Info Sec/SecureCoding/echod.c">
			<Option target="echod"/>
		</Unit>
		<Unit filename="/Users/chin39/Dropbox/RPI/Intro to Info Sec/SecureCoding/CMakeLists.txt">
			<Option virtualFolder="CMake Files\"/>
		</Unit>
	</Project>
</CodeBlocks_project_file>
